
Microsoft Visual Studio Solution File, Format Version 12.00
# Visual Studio Version 16
VisualStudioVersion = 16.0.33027.164
MinimumVisualStudioVersion = 10.0.40219.1
Project("{FAE04EC0-301F-11D3-BF4B-00C04F79EFBC}") = "Fruit", "Fruit.csproj", "{F3B591AE-670B-4272-A545-AD42773E6AE2}"
EndProject
Global
	GlobalSection(SolutionConfigurationPlatforms) = preSolution
		Debug|Any CPU = Debug|Any CPU
		Release|Any CPU = Release|Any CPU
	EndGlobalSection
	GlobalSection(ProjectConfigurationPlatforms) = postSolution
		{F3B591AE-670B-4272-A545-AD42773E6AE2}.Debug|Any CPU.ActiveCfg = Debug|Any CPU
		{F3B591AE-670B-4272-A545-AD42773E6AE2}.Debug|Any CPU.Build.0 = Debug|Any CPU
		{F3B591AE-670B-4272-A545-AD42773E6AE2}.Release|Any CPU.ActiveCfg = Release|Any CPU
		{F3B591AE-670B-4272-A545-AD42773E6AE2}.Release|Any CPU.Build.0 = Release|Any CPU
	EndGlobalSection
	GlobalSection(SolutionProperties) = preSolution
		HideSolutionNode = FALSE
	EndGlobalSection
	GlobalSection(ExtensibilityGlobals) = postSolution
		SolutionGuid = {57457046-A224-411C-BC20-CDD4D0E58FF8}
	EndGlobalSection
EndGlobal
