
Microsoft Visual Studio Solution File, Format Version 12.00
# Visual Studio Version 16
VisualStudioVersion = 16.0.33027.164
MinimumVisualStudioVersion = 10.0.40219.1
Project("{9A19103F-16F7-4668-BE54-9A1E7A4F7556}") = "GestionCargaison", "GestionCargaison.csproj", "{A6A26D0D-7FE0-477D-B03B-D95A5B4BBFE5}"
EndProject
Project("{9A19103F-16F7-4668-BE54-9A1E7A4F7556}") = "CargaisonForm", "..\Cargaison\CargaisonForm.csproj", "{4AF9A8AE-1288-4077-9DCD-ECDFDED31F70}"
EndProject
Global
	GlobalSection(SolutionConfigurationPlatforms) = preSolution
		Debug|Any CPU = Debug|Any CPU
		Release|Any CPU = Release|Any CPU
	EndGlobalSection
	GlobalSection(ProjectConfigurationPlatforms) = postSolution
		{A6A26D0D-7FE0-477D-B03B-D95A5B4BBFE5}.Debug|Any CPU.ActiveCfg = Debug|Any CPU
		{A6A26D0D-7FE0-477D-B03B-D95A5B4BBFE5}.Debug|Any CPU.Build.0 = Debug|Any CPU
		{A6A26D0D-7FE0-477D-B03B-D95A5B4BBFE5}.Release|Any CPU.ActiveCfg = Release|Any CPU
		{A6A26D0D-7FE0-477D-B03B-D95A5B4BBFE5}.Release|Any CPU.Build.0 = Release|Any CPU
		{4AF9A8AE-1288-4077-9DCD-ECDFDED31F70}.Debug|Any CPU.ActiveCfg = Debug|Any CPU
		{4AF9A8AE-1288-4077-9DCD-ECDFDED31F70}.Debug|Any CPU.Build.0 = Debug|Any CPU
		{4AF9A8AE-1288-4077-9DCD-ECDFDED31F70}.Release|Any CPU.ActiveCfg = Release|Any CPU
		{4AF9A8AE-1288-4077-9DCD-ECDFDED31F70}.Release|Any CPU.Build.0 = Release|Any CPU
	EndGlobalSection
	GlobalSection(SolutionProperties) = preSolution
		HideSolutionNode = FALSE
	EndGlobalSection
	GlobalSection(ExtensibilityGlobals) = postSolution
		SolutionGuid = {443AA63C-D206-43D8-A12E-9DF9286DB4CD}
	EndGlobalSection
EndGlobal
